// !$*UTF8*$!
{
	archiveVersion = 1;
	classes = {
	};
	objectVersion = 77;
	objects = {

/* Begin PBXBuildFile section */
		3D18F8DA2EFE960D007C62D3 /* Products.storekit in Resources */ = {isa = PBXBuildFile; fileRef = 3D18F8D92EFE960D007C62D3 /* Products.storekit */; };
		3D18F8DB2EFE960D007C62D3 /* Products.storekit in Resources */ = {isa = PBXBuildFile; fileRef = 3D18F8D92EFE960D007C62D3 /* Products.storekit */; };
		3D18F8DD2EFE960D007C62D3 /* Products.storekit in Resources */ = {isa = PBXBuildFile; fileRef = 3D18F8D92EFE960D007C62D3 /* Products.storekit */; };
		3D5915E42EFDD2CA0081223A /* StoreKit.framework in Frameworks */ = {isa = PBXBuildFile; fileRef = 3D5915E32EFDD2CA0081223A /* StoreKit.framework */; };
		3DBFCB0C2EE31E620043D501 /* Auth in Frameworks */ = {isa = PBXBuildFile; productRef = 3DBFCB0B2EE31E620043D501 /* Auth */; };
		3DBFCB0E2EE31E620043D501 /* Functions in Frameworks */ = {isa = PBXBuildFile; productRef = 3DBFCB0D2EE31E620043D501 /* Functions */; };
		3DBFCB102EE31E620043D501 /* PostgREST in Frameworks */ = {isa = PBXBuildFile; productRef = 3DBFCB0F2EE31E620043D501 /* PostgREST */; };
		3DBFCB122EE31E620043D501 /* Realtime in Frameworks */ = {isa = PBXBuildFile; productRef = 3DBFCB112EE31E620043D501 /* Realtime */; };
		3DBFCB142EE31E620043D501 /* Storage in Frameworks */ = {isa = PBXBuildFile; productRef = 3DBFCB132EE31E620043D501 /* Storage */; };
		3DBFCB162EE322440043D501 /* Supabase in Frameworks */ = {isa = PBXBuildFile; productRef = 3DBFCB152EE322440043D501 /* Supabase */; };
		3DBFCF6A2EEC592F0043D501 /* Kingfisher in Frameworks */ = {isa = PBXBuildFile; productRef = 3DBFCF692EEC592F0043D501 /* Kingfisher */; };
		3DE3EB342EEF3614001A902B /* Base.xcconfig in Resources */ = {isa = PBXBuildFile; fileRef = 3DE3EB2F2EEF3614001A902B /* Base.xcconfig */; };
		3DE3EB3A2EEF3614001A902B /* Base.xcconfig in Resources */ = {isa = PBXBuildFile; fileRef = 3DE3EB2F2EEF3614001A902B /* Base.xcconfig */; };
		3DSHARE0012EF9A1230043D501 /* RecipeJoeShareExtension.appex in Embed Foundation Extensions */ = {isa = PBXBuildFile; fileRef = 3DSHARE0002EF9A1230043D501 /* RecipeJoeShareExtension.appex */; settings = {ATTRIBUTES = (RemoveHeadersOnCopy, ); }; };
		3DSHARE0022EF9A1230043D501 /* Supabase in Frameworks */ = {isa = PBXBuildFile; productRef = 3DSHARE0032EF9A1230043D501 /* Supabase */; };
/* End PBXBuildFile section */

/* Begin PBXContainerItemProxy section */
		3D195E6E2ED381B500EAC766 /* PBXContainerItemProxy */ = {
			isa = PBXContainerItemProxy;
			containerPortal = 3D195E582ED381B400EAC766 /* Project object */;
			proxyType = 1;
			remoteGlobalIDString = 3D195E5F2ED381B400EAC766;
			remoteInfo = RecipeJoe;
		};
		3DSHARE0042EF9A1230043D501 /* PBXContainerItemProxy */ = {
			isa = PBXContainerItemProxy;
			containerPortal = 3D195E582ED381B400EAC766 /* Project object */;
			proxyType = 1;
			remoteGlobalIDString = 3DSHARE0102EF9A1230043D501;
			remoteInfo = RecipeJoeShareExtension;
		};
/* End PBXContainerItemProxy section */

/* Begin PBXCopyFilesBuildPhase section */
		3DSHARE0052EF9A1230043D501 /* Embed Foundation Extensions */ = {
			isa = PBXCopyFilesBuildPhase;
			buildActionMask = 2147483647;
			dstPath = "";
			dstSubfolderSpec = 13;
			files = (
				3DSHARE0012EF9A1230043D501 /* RecipeJoeShareExtension.appex in Embed Foundation Extensions */,
			);
			name = "Embed Foundation Extensions";
			runOnlyForDeploymentPostprocessing = 0;
		};
/* End PBXCopyFilesBuildPhase section */

/* Begin PBXFileReference section */
		3D18F8D92EFE960D007C62D3 /* Products.storekit */ = {isa = PBXFileReference; lastKnownFileType = text; path = Products.storekit; sourceTree = "<group>"; };
		3D195E602ED381B400EAC766 /* RecipeJoe.app */ = {isa = PBXFileReference; explicitFileType = wrapper.application; includeInIndex = 0; path = RecipeJoe.app; sourceTree = BUILT_PRODUCTS_DIR; };
		3D195E6D2ED381B500EAC766 /* RecipeJoeTests.xctest */ = {isa = PBXFileReference; explicitFileType = wrapper.cfbundle; includeInIndex = 0; path = RecipeJoeTests.xctest; sourceTree = BUILT_PRODUCTS_DIR; };
		3D5915E32EFDD2CA0081223A /* StoreKit.framework */ = {isa = PBXFileReference; lastKnownFileType = wrapper.framework; name = StoreKit.framework; path = System/Library/Frameworks/StoreKit.framework; sourceTree = SDKROOT; };
		3DE3EB2A2EEEDFDF001A902B /* RecipeJoe.xctestplan */ = {isa = PBXFileReference; lastKnownFileType = text; path = RecipeJoe.xctestplan; sourceTree = "<group>"; };
		3DE3EB2F2EEF3614001A902B /* Base.xcconfig */ = {isa = PBXFileReference; lastKnownFileType = text.xcconfig; path = Base.xcconfig; sourceTree = "<group>"; };
		3DSHARE0002EF9A1230043D501 /* RecipeJoeShareExtension.appex */ = {isa = PBXFileReference; explicitFileType = "wrapper.app-extension"; includeInIndex = 0; path = RecipeJoeShareExtension.appex; sourceTree = BUILT_PRODUCTS_DIR; };
/* End PBXFileReference section */

/* Begin PBXFileSystemSynchronizedBuildFileExceptionSet section */
		3DSHARE0142EF9A1230043D501 /* Exceptions for "RecipeJoeShareExtension" folder in "RecipeJoeShareExtension" target */ = {
			isa = PBXFileSystemSynchronizedBuildFileExceptionSet;
			membershipExceptions = (
				Info.plist,
			);
			target = 3DSHARE0102EF9A1230043D501 /* RecipeJoeShareExtension */;
		};
/* End PBXFileSystemSynchronizedBuildFileExceptionSet section */

/* Begin PBXFileSystemSynchronizedRootGroup section */
		3D195E622ED381B400EAC766 /* RecipeJoe */ = {
			isa = PBXFileSystemSynchronizedRootGroup;
			path = RecipeJoe;
			sourceTree = "<group>";
		};
		3D195E702ED381B500EAC766 /* RecipeJoeTests */ = {
			isa = PBXFileSystemSynchronizedRootGroup;
			path = RecipeJoeTests;
			sourceTree = "<group>";
		};
		3DSHARE0062EF9A1230043D501 /* RecipeJoeShareExtension */ = {
			isa = PBXFileSystemSynchronizedRootGroup;
			exceptions = (
				3DSHARE0142EF9A1230043D501 /* Exceptions for "RecipeJoeShareExtension" folder in "RecipeJoeShareExtension" target */,
			);
			path = RecipeJoeShareExtension;
			sourceTree = "<group>";
		};
/* End PBXFileSystemSynchronizedRootGroup section */

/* Begin PBXFrameworksBuildPhase section */
		3D195E5D2ED381B400EAC766 /* Frameworks */ = {
			isa = PBXFrameworksBuildPhase;
			buildActionMask = 2147483647;
			files = (
				3DBFCB102EE31E620043D501 /* PostgREST in Frameworks */,
				3DBFCB0E2EE31E620043D501 /* Functions in Frameworks */,
				3DBFCF6A2EEC592F0043D501 /* Kingfisher in Frameworks */,
				3D5915E42EFDD2CA0081223A /* StoreKit.framework in Frameworks */,
				3DBFCB162EE322440043D501 /* Supabase in Frameworks */,
				3DBFCB0C2EE31E620043D501 /* Auth in Frameworks */,
				3DBFCB142EE31E620043D501 /* Storage in Frameworks */,
				3DBFCB122EE31E620043D501 /* Realtime in Frameworks */,
			);
			runOnlyForDeploymentPostprocessing = 0;
		};
		3D195E6A2ED381B500EAC766 /* Frameworks */ = {
			isa = PBXFrameworksBuildPhase;
			buildActionMask = 2147483647;
			files = (
			);
			runOnlyForDeploymentPostprocessing = 0;
		};
		3DSHARE0072EF9A1230043D501 /* Frameworks */ = {
			isa = PBXFrameworksBuildPhase;
			buildActionMask = 2147483647;
			files = (
				3DSHARE0022EF9A1230043D501 /* Supabase in Frameworks */,
			);
			runOnlyForDeploymentPostprocessing = 0;
		};
/* End PBXFrameworksBuildPhase section */

/* Begin PBXGroup section */
		3D195E572ED381B400EAC766 = {
			isa = PBXGroup;
			children = (
				3D18F8D92EFE960D007C62D3 /* Products.storekit */,
				3DE3EB322EEF3614001A902B /* Config */,
				3DE3EB2A2EEEDFDF001A902B /* RecipeJoe.xctestplan */,
				3D195E622ED381B400EAC766 /* RecipeJoe */,
				3D195E702ED381B500EAC766 /* RecipeJoeTests */,
				3DSHARE0062EF9A1230043D501 /* RecipeJoeShareExtension */,
				3D5915E22EFDD2CA0081223A /* Frameworks */,
				3D195E612ED381B400EAC766 /* Products */,
			);
			sourceTree = "<group>";
		};
		3D195E612ED381B400EAC766 /* Products */ = {
			isa = PBXGroup;
			children = (
				3D195E602ED381B400EAC766 /* RecipeJoe.app */,
				3D195E6D2ED381B500EAC766 /* RecipeJoeTests.xctest */,
				3DSHARE0002EF9A1230043D501 /* RecipeJoeShareExtension.appex */,
			);
			name = Products;
			sourceTree = "<group>";
		};
		3D5915E22EFDD2CA0081223A /* Frameworks */ = {
			isa = PBXGroup;
			children = (
				3D5915E32EFDD2CA0081223A /* StoreKit.framework */,
			);
			name = Frameworks;
			sourceTree = "<group>";
		};
		3DE3EB322EEF3614001A902B /* Config */ = {
			isa = PBXGroup;
			children = (
				3DE3EB2F2EEF3614001A902B /* Base.xcconfig */,
			);
			path = Config;
			sourceTree = "<group>";
		};
/* End PBXGroup section */

/* Begin PBXNativeTarget section */
		3D195E5F2ED381B400EAC766 /* RecipeJoe */ = {
			isa = PBXNativeTarget;
			buildConfigurationList = 3D195E812ED381B500EAC766 /* Build configuration list for PBXNativeTarget "RecipeJoe" */;
			buildPhases = (
				3D195E5C2ED381B400EAC766 /* Sources */,
				3D195E5D2ED381B400EAC766 /* Frameworks */,
				3D195E5E2ED381B400EAC766 /* Resources */,
				3DSHARE0052EF9A1230043D501 /* Embed Foundation Extensions */,
			);
			buildRules = (
			);
			dependencies = (
				3DSHARE0082EF9A1230043D501 /* PBXTargetDependency */,
			);
			fileSystemSynchronizedGroups = (
				3D195E622ED381B400EAC766 /* RecipeJoe */,
			);
			name = RecipeJoe;
			packageProductDependencies = (
				3DBFCB0B2EE31E620043D501 /* Auth */,
				3DBFCB0D2EE31E620043D501 /* Functions */,
				3DBFCB0F2EE31E620043D501 /* PostgREST */,
				3DBFCB112EE31E620043D501 /* Realtime */,
				3DBFCB132EE31E620043D501 /* Storage */,
				3DBFCB152EE322440043D501 /* Supabase */,
				3DBFCF692EEC592F0043D501 /* Kingfisher */,
			);
			productName = RecipeJoe;
			productReference = 3D195E602ED381B400EAC766 /* RecipeJoe.app */;
			productType = "com.apple.product-type.application";
		};
		3D195E6C2ED381B500EAC766 /* RecipeJoeTests */ = {
			isa = PBXNativeTarget;
			buildConfigurationList = 3D195E842ED381B500EAC766 /* Build configuration list for PBXNativeTarget "RecipeJoeTests" */;
			buildPhases = (
				3D195E692ED381B500EAC766 /* Sources */,
				3D195E6A2ED381B500EAC766 /* Frameworks */,
				3D195E6B2ED381B500EAC766 /* Resources */,
			);
			buildRules = (
			);
			dependencies = (
				3D195E6F2ED381B500EAC766 /* PBXTargetDependency */,
			);
			fileSystemSynchronizedGroups = (
				3D195E702ED381B500EAC766 /* RecipeJoeTests */,
			);
			name = RecipeJoeTests;
			packageProductDependencies = (
			);
			productName = RecipeJoeTests;
			productReference = 3D195E6D2ED381B500EAC766 /* RecipeJoeTests.xctest */;
			productType = "com.apple.product-type.bundle.unit-test";
		};
		3DSHARE0102EF9A1230043D501 /* RecipeJoeShareExtension */ = {
			isa = PBXNativeTarget;
			buildConfigurationList = 3DSHARE0112EF9A1230043D501 /* Build configuration list for PBXNativeTarget "RecipeJoeShareExtension" */;
			buildPhases = (
				3DSHARE0092EF9A1230043D501 /* Sources */,
				3DSHARE0072EF9A1230043D501 /* Frameworks */,
				3DSHARE00A2EF9A1230043D501 /* Resources */,
			);
			buildRules = (
			);
			dependencies = (
			);
			fileSystemSynchronizedGroups = (
				3DSHARE0062EF9A1230043D501 /* RecipeJoeShareExtension */,
			);
			name = RecipeJoeShareExtension;
			packageProductDependencies = (
				3DSHARE0032EF9A1230043D501 /* Supabase */,
			);
			productName = RecipeJoeShareExtension;
			productReference = 3DSHARE0002EF9A1230043D501 /* RecipeJoeShareExtension.appex */;
			productType = "com.apple.product-type.app-extension";
		};
/* End PBXNativeTarget section */

/* Begin PBXProject section */
		3D195E582ED381B400EAC766 /* Project object */ = {
			isa = PBXProject;
			attributes = {
				BuildIndependentTargetsInParallel = 1;
				LastSwiftUpdateCheck = 2610;
				LastUpgradeCheck = 2610;
				TargetAttributes = {
					3D195E5F2ED381B400EAC766 = {
						CreatedOnToolsVersion = 26.1.1;
					};
					3D195E6C2ED381B500EAC766 = {
						CreatedOnToolsVersion = 26.1.1;
						TestTargetID = 3D195E5F2ED381B400EAC766;
					};
					3DSHARE0102EF9A1230043D501 = {
						CreatedOnToolsVersion = 26.1.1;
					};
				};
			};
			buildConfigurationList = 3D195E5B2ED381B400EAC766 /* Build configuration list for PBXProject "RecipeJoe" */;
			developmentRegion = en;
			hasScannedForEncodings = 0;
			knownRegions = (
				en,
				Base,
			);
			mainGroup = 3D195E572ED381B400EAC766;
			minimizedProjectReferenceProxies = 1;
			packageReferences = (
				3DBFCB0A2EE31E620043D501 /* XCRemoteSwiftPackageReference "supabase-swift" */,
				3DBFCF682EEC592F0043D501 /* XCRemoteSwiftPackageReference "Kingfisher" */,
			);
			preferredProjectObjectVersion = 77;
			productRefGroup = 3D195E612ED381B400EAC766 /* Products */;
			projectDirPath = "";
			projectRoot = "";
			targets = (
				3D195E5F2ED381B400EAC766 /* RecipeJoe */,
				3D195E6C2ED381B500EAC766 /* RecipeJoeTests */,
				3DSHARE0102EF9A1230043D501 /* RecipeJoeShareExtension */,
			);
		};
/* End PBXProject section */

/* Begin PBXResourcesBuildPhase section */
		3D195E5E2ED381B400EAC766 /* Resources */ = {
			isa = PBXResourcesBuildPhase;
			buildActionMask = 2147483647;
			files = (
				3DE3EB342EEF3614001A902B /* Base.xcconfig in Resources */,
				3D18F8DA2EFE960D007C62D3 /* Products.storekit in Resources */,
			);
			runOnlyForDeploymentPostprocessing = 0;
		};
		3D195E6B2ED381B500EAC766 /* Resources */ = {
			isa = PBXResourcesBuildPhase;
			buildActionMask = 2147483647;
			files = (
				3D18F8DB2EFE960D007C62D3 /* Products.storekit in Resources */,
				3DE3EB3A2EEF3614001A902B /* Base.xcconfig in Resources */,
			);
			runOnlyForDeploymentPostprocessing = 0;
		};
		3DSHARE00A2EF9A1230043D501 /* Resources */ = {
			isa = PBXResourcesBuildPhase;
			buildActionMask = 2147483647;
			files = (
				3D18F8DD2EFE960D007C62D3 /* Products.storekit in Resources */,
			);
			runOnlyForDeploymentPostprocessing = 0;
		};
/* End PBXResourcesBuildPhase section */

/* Begin PBXSourcesBuildPhase section */
		3D195E5C2ED381B400EAC766 /* Sources */ = {
			isa = PBXSourcesBuildPhase;
			buildActionMask = 2147483647;
			files = (
			);
			runOnlyForDeploymentPostprocessing = 0;
		};
		3D195E692ED381B500EAC766 /* Sources */ = {
			isa = PBXSourcesBuildPhase;
			buildActionMask = 2147483647;
			files = (
			);
			runOnlyForDeploymentPostprocessing = 0;
		};
		3DSHARE0092EF9A1230043D501 /* Sources */ = {
			isa = PBXSourcesBuildPhase;
			buildActionMask = 2147483647;
			files = (
			);
			runOnlyForDeploymentPostprocessing = 0;
		};
/* End PBXSourcesBuildPhase section */

/* Begin PBXTargetDependency section */
		3D195E6F2ED381B500EAC766 /* PBXTargetDependency */ = {
			isa = PBXTargetDependency;
			target = 3D195E5F2ED381B400EAC766 /* RecipeJoe */;
			targetProxy = 3D195E6E2ED381B500EAC766 /* PBXContainerItemProxy */;
		};
		3DSHARE0082EF9A1230043D501 /* PBXTargetDependency */ = {
			isa = PBXTargetDependency;
			target = 3DSHARE0102EF9A1230043D501 /* RecipeJoeShareExtension */;
			targetProxy = 3DSHARE0042EF9A1230043D501 /* PBXContainerItemProxy */;
		};
/* End PBXTargetDependency section */

/* Begin XCBuildConfiguration section */
		3D195E7F2ED381B500EAC766 /* Debug */ = {
			isa = XCBuildConfiguration;
			buildSettings = {
				ALWAYS_SEARCH_USER_PATHS = NO;
				ASSETCATALOG_COMPILER_GENERATE_SWIFT_ASSET_SYMBOL_EXTENSIONS = YES;
				CLANG_ANALYZER_NONNULL = YES;
				CLANG_ANALYZER_NUMBER_OBJECT_CONVERSION = YES_AGGRESSIVE;
				CLANG_CXX_LANGUAGE_STANDARD = "gnu++20";
				CLANG_ENABLE_MODULES = YES;
				CLANG_ENABLE_OBJC_ARC = YES;
				CLANG_ENABLE_OBJC_WEAK = YES;
				CLANG_WARN_BLOCK_CAPTURE_AUTORELEASING = YES;
				CLANG_WARN_BOOL_CONVERSION = YES;
				CLANG_WARN_COMMA = YES;
				CLANG_WARN_CONSTANT_CONVERSION = YES;
				CLANG_WARN_DEPRECATED_OBJC_IMPLEMENTATIONS = YES;
				CLANG_WARN_DIRECT_OBJC_ISA_USAGE = YES_ERROR;
				CLANG_WARN_DOCUMENTATION_COMMENTS = YES;
				CLANG_WARN_EMPTY_BODY = YES;
				CLANG_WARN_ENUM_CONVERSION = YES;
				CLANG_WARN_INFINITE_RECURSION = YES;
				CLANG_WARN_INT_CONVERSION = YES;
				CLANG_WARN_NON_LITERAL_NULL_CONVERSION = YES;
				CLANG_WARN_OBJC_IMPLICIT_RETAIN_SELF = YES;
				CLANG_WARN_OBJC_LITERAL_CONVERSION = YES;
				CLANG_WARN_OBJC_ROOT_CLASS = YES_ERROR;
				CLANG_WARN_QUOTED_INCLUDE_IN_FRAMEWORK_HEADER = YES;
				CLANG_WARN_RANGE_LOOP_ANALYSIS = YES;
				CLANG_WARN_STRICT_PROTOTYPES = YES;
				CLANG_WARN_SUSPICIOUS_MOVE = YES;
				CLANG_WARN_UNGUARDED_AVAILABILITY = YES_AGGRESSIVE;
				CLANG_WARN_UNREACHABLE_CODE = YES;
				CLANG_WARN__DUPLICATE_METHOD_MATCH = YES;
				COPY_PHASE_STRIP = NO;
				DEBUG_INFORMATION_FORMAT = dwarf;
				ENABLE_STRICT_OBJC_MSGSEND = YES;
				ENABLE_TESTABILITY = YES;
				ENABLE_USER_SCRIPT_SANDBOXING = YES;
				GCC_C_LANGUAGE_STANDARD = gnu17;
				GCC_DYNAMIC_NO_PIC = NO;
				GCC_NO_COMMON_BLOCKS = YES;
				GCC_OPTIMIZATION_LEVEL = 0;
				GCC_PREPROCESSOR_DEFINITIONS = (
					"DEBUG=1",
					"$(inherited)",
				);
				GCC_WARN_64_TO_32_BIT_CONVERSION = YES;
				GCC_WARN_ABOUT_RETURN_TYPE = YES_ERROR;
				GCC_WARN_UNDECLARED_SELECTOR = YES;
				GCC_WARN_UNINITIALIZED_AUTOS = YES_AGGRESSIVE;
				GCC_WARN_UNUSED_FUNCTION = YES;
				GCC_WARN_UNUSED_VARIABLE = YES;
				IPHONEOS_DEPLOYMENT_TARGET = 26.1;
				LOCALIZATION_PREFERS_STRING_CATALOGS = YES;
				MTL_ENABLE_DEBUG_INFO = INCLUDE_SOURCE;
				MTL_FAST_MATH = YES;
				ONLY_ACTIVE_ARCH = YES;
				SDKROOT = iphoneos;
				SWIFT_ACTIVE_COMPILATION_CONDITIONS = "DEBUG $(inherited)";
				SWIFT_OPTIMIZATION_LEVEL = "-Onone";
			};
			name = Debug;
		};
		3D195E802ED381B500EAC766 /* Release */ = {
			isa = XCBuildConfiguration;
			buildSettings = {
				ALWAYS_SEARCH_USER_PATHS = NO;
				ASSETCATALOG_COMPILER_GENERATE_SWIFT_ASSET_SYMBOL_EXTENSIONS = YES;
				CLANG_ANALYZER_NONNULL = YES;
				CLANG_ANALYZER_NUMBER_OBJECT_CONVERSION = YES_AGGRESSIVE;
				CLANG_CXX_LANGUAGE_STANDARD = "gnu++20";
				CLANG_ENABLE_MODULES = YES;
				CLANG_ENABLE_OBJC_ARC = YES;
				CLANG_ENABLE_OBJC_WEAK = YES;
				CLANG_WARN_BLOCK_CAPTURE_AUTORELEASING = YES;
				CLANG_WARN_BOOL_CONVERSION = YES;
				CLANG_WARN_COMMA = YES;
				CLANG_WARN_CONSTANT_CONVERSION = YES;
				CLANG_WARN_DEPRECATED_OBJC_IMPLEMENTATIONS = YES;
				CLANG_WARN_DIRECT_OBJC_ISA_USAGE = YES_ERROR;
				CLANG_WARN_DOCUMENTATION_COMMENTS = YES;
				CLANG_WARN_EMPTY_BODY = YES;
				CLANG_WARN_ENUM_CONVERSION = YES;
				CLANG_WARN_INFINITE_RECURSION = YES;
				CLANG_WARN_INT_CONVERSION = YES;
				CLANG_WARN_NON_LITERAL_NULL_CONVERSION = YES;
				CLANG_WARN_OBJC_IMPLICIT_RETAIN_SELF = YES;
				CLANG_WARN_OBJC_LITERAL_CONVERSION = YES;
				CLANG_WARN_OBJC_ROOT_CLASS = YES_ERROR;
				CLANG_WARN_QUOTED_INCLUDE_IN_FRAMEWORK_HEADER = YES;
				CLANG_WARN_RANGE_LOOP_ANALYSIS = YES;
				CLANG_WARN_STRICT_PROTOTYPES = YES;
				CLANG_WARN_SUSPICIOUS_MOVE = YES;
				CLANG_WARN_UNGUARDED_AVAILABILITY = YES_AGGRESSIVE;
				CLANG_WARN_UNREACHABLE_CODE = YES;
				CLANG_WARN__DUPLICATE_METHOD_MATCH = YES;
				COPY_PHASE_STRIP = NO;
				DEBUG_INFORMATION_FORMAT = "dwarf-with-dsym";
				ENABLE_NS_ASSERTIONS = NO;
				ENABLE_STRICT_OBJC_MSGSEND = YES;
				ENABLE_USER_SCRIPT_SANDBOXING = YES;
				GCC_C_LANGUAGE_STANDARD = gnu17;
				GCC_NO_COMMON_BLOCKS = YES;
				GCC_WARN_64_TO_32_BIT_CONVERSION = YES;
				GCC_WARN_ABOUT_RETURN_TYPE = YES_ERROR;
				GCC_WARN_UNDECLARED_SELECTOR = YES;
				GCC_WARN_UNINITIALIZED_AUTOS = YES_AGGRESSIVE;
				GCC_WARN_UNUSED_FUNCTION = YES;
				GCC_WARN_UNUSED_VARIABLE = YES;
				IPHONEOS_DEPLOYMENT_TARGET = 26.1;
				LOCALIZATION_PREFERS_STRING_CATALOGS = YES;
				MTL_ENABLE_DEBUG_INFO = NO;
				MTL_FAST_MATH = YES;
				SDKROOT = iphoneos;
				SWIFT_COMPILATION_MODE = wholemodule;
				VALIDATE_PRODUCT = YES;
			};
			name = Release;
		};
		3D195E822ED381B500EAC766 /* Debug */ = {
			isa = XCBuildConfiguration;
			baseConfigurationReference = 3DE3EB2F2EEF3614001A902B /* Base.xcconfig */;
			buildSettings = {
				ASSETCATALOG_COMPILER_APPICON_NAME = AppIcon;
				ASSETCATALOG_COMPILER_GLOBAL_ACCENT_COLOR_NAME = AccentColor;
				CODE_SIGN_ENTITLEMENTS = RecipeJoe/RecipeJoe.entitlements;
				CODE_SIGN_STYLE = Automatic;
				CURRENT_PROJECT_VERSION = 1;
				DEVELOPMENT_TEAM = Z66Q4BXFN7;
				ENABLE_PREVIEWS = YES;
				GENERATE_INFOPLIST_FILE = YES;
				INFOPLIST_KEY_CFBundleURLTypes = "({CFBundleURLName = \"Oliver.RecipeJoe\"; CFBundleURLSchemes = (recipejoe); })";
				INFOPLIST_KEY_NSCameraUsageDescription = "RecipeJoe needs camera access to photograph recipes";
				INFOPLIST_KEY_NSPhotoLibraryUsageDescription = "RecipeJoe needs photo access to import recipe images";
				INFOPLIST_KEY_UIApplicationSceneManifest_Generation = YES;
				INFOPLIST_KEY_UIApplicationSupportsIndirectInputEvents = YES;
				INFOPLIST_KEY_UILaunchScreen_Generation = YES;
				INFOPLIST_KEY_UISupportedInterfaceOrientations = UIInterfaceOrientationPortrait;
				INFOPLIST_KEY_UISupportedInterfaceOrientations_iPad = "UIInterfaceOrientationPortrait UIInterfaceOrientationPortraitUpsideDown";
				IPHONEOS_DEPLOYMENT_TARGET = 26.0;
				LD_RUNPATH_SEARCH_PATHS = (
					"$(inherited)",
					"@executable_path/Frameworks",
				);
				MARKETING_VERSION = 1.0;
				PRODUCT_BUNDLE_IDENTIFIER = Oliver.RecipeJoe;
				PRODUCT_NAME = "$(TARGET_NAME)";
				STRING_CATALOG_GENERATE_SYMBOLS = YES;
				SWIFT_APPROACHABLE_CONCURRENCY = YES;
				SWIFT_DEFAULT_ACTOR_ISOLATION = MainActor;
				SWIFT_EMIT_LOC_STRINGS = YES;
				SWIFT_UPCOMING_FEATURE_MEMBER_IMPORT_VISIBILITY = YES;
				SWIFT_VERSION = 5.0;
				TARGETED_DEVICE_FAMILY = "1,2";
			};
			name = Debug;
		};
		3D195E832ED381B500EAC766 /* Release */ = {
			isa = XCBuildConfiguration;
			buildSettings = {
				ASSETCATALOG_COMPILER_APPICON_NAME = AppIcon;
				ASSETCATALOG_COMPILER_GLOBAL_ACCENT_COLOR_NAME = AccentColor;
				CODE_SIGN_ENTITLEMENTS = RecipeJoe/RecipeJoe.entitlements;
				CODE_SIGN_STYLE = Automatic;
				CURRENT_PROJECT_VERSION = 1;
				DEVELOPMENT_TEAM = Z66Q4BXFN7;
				ENABLE_PREVIEWS = YES;
				GENERATE_INFOPLIST_FILE = YES;
				INFOPLIST_KEY_CFBundleURLTypes = "({CFBundleURLName = \"Oliver.RecipeJoe\"; CFBundleURLSchemes = (recipejoe); })";
				INFOPLIST_KEY_NSCameraUsageDescription = "RecipeJoe needs camera access to photograph recipes";
				INFOPLIST_KEY_NSPhotoLibraryUsageDescription = "RecipeJoe needs photo access to import recipe images";
				INFOPLIST_KEY_UIApplicationSceneManifest_Generation = YES;
				INFOPLIST_KEY_UIApplicationSupportsIndirectInputEvents = YES;
				INFOPLIST_KEY_UILaunchScreen_Generation = YES;
				INFOPLIST_KEY_UISupportedInterfaceOrientations = UIInterfaceOrientationPortrait;
				INFOPLIST_KEY_UISupportedInterfaceOrientations_iPad = "UIInterfaceOrientationPortrait UIInterfaceOrientationPortraitUpsideDown";
				IPHONEOS_DEPLOYMENT_TARGET = 26.0;
				LD_RUNPATH_SEARCH_PATHS = (
					"$(inherited)",
					"@executable_path/Frameworks",
				);
				MARKETING_VERSION = 1.0;
				PRODUCT_BUNDLE_IDENTIFIER = Oliver.RecipeJoe;
				PRODUCT_NAME = "$(TARGET_NAME)";
				STRING_CATALOG_GENERATE_SYMBOLS = YES;
				SWIFT_APPROACHABLE_CONCURRENCY = YES;
				SWIFT_DEFAULT_ACTOR_ISOLATION = MainActor;
				SWIFT_EMIT_LOC_STRINGS = YES;
				SWIFT_UPCOMING_FEATURE_MEMBER_IMPORT_VISIBILITY = YES;
				SWIFT_VERSION = 5.0;
				TARGETED_DEVICE_FAMILY = "1,2";
			};
			name = Release;
		};
		3D195E852ED381B500EAC766 /* Debug */ = {
			isa = XCBuildConfiguration;
			baseConfigurationReference = 3DE3EB2F2EEF3614001A902B /* Base.xcconfig */;
			buildSettings = {
				BUNDLE_LOADER = "$(TEST_HOST)";
				CODE_SIGN_STYLE = Automatic;
				CURRENT_PROJECT_VERSION = 1;
				GENERATE_INFOPLIST_FILE = YES;
				IPHONEOS_DEPLOYMENT_TARGET = 26.1;
				MARKETING_VERSION = 1.0;
				PRODUCT_BUNDLE_IDENTIFIER = Oliver.RecipeJoeTests;
				PRODUCT_NAME = "$(TARGET_NAME)";
				STRING_CATALOG_GENERATE_SYMBOLS = NO;
				SWIFT_APPROACHABLE_CONCURRENCY = YES;
				SWIFT_EMIT_LOC_STRINGS = NO;
				SWIFT_UPCOMING_FEATURE_MEMBER_IMPORT_VISIBILITY = YES;
				SWIFT_VERSION = 5.0;
				TARGETED_DEVICE_FAMILY = "1,2";
				TEST_HOST = "$(BUILT_PRODUCTS_DIR)/RecipeJoe.app/$(BUNDLE_EXECUTABLE_FOLDER_PATH)/RecipeJoe";
			};
			name = Debug;
		};
		3D195E862ED381B500EAC766 /* Release */ = {
			isa = XCBuildConfiguration;
			buildSettings = {
				BUNDLE_LOADER = "$(TEST_HOST)";
				CODE_SIGN_STYLE = Automatic;
				CURRENT_PROJECT_VERSION = 1;
				GENERATE_INFOPLIST_FILE = YES;
				IPHONEOS_DEPLOYMENT_TARGET = 26.1;
				MARKETING_VERSION = 1.0;
				PRODUCT_BUNDLE_IDENTIFIER = Oliver.RecipeJoeTests;
				PRODUCT_NAME = "$(TARGET_NAME)";
				STRING_CATALOG_GENERATE_SYMBOLS = NO;
				SWIFT_APPROACHABLE_CONCURRENCY = YES;
				SWIFT_EMIT_LOC_STRINGS = NO;
				SWIFT_UPCOMING_FEATURE_MEMBER_IMPORT_VISIBILITY = YES;
				SWIFT_VERSION = 5.0;
				TARGETED_DEVICE_FAMILY = "1,2";
				TEST_HOST = "$(BUILT_PRODUCTS_DIR)/RecipeJoe.app/$(BUNDLE_EXECUTABLE_FOLDER_PATH)/RecipeJoe";
			};
			name = Release;
		};
		3DSHARE0122EF9A1230043D501 /* Debug */ = {
			isa = XCBuildConfiguration;
			buildSettings = {
				CODE_SIGN_ENTITLEMENTS = RecipeJoeShareExtension/RecipeJoeShareExtension.entitlements;
				CODE_SIGN_STYLE = Automatic;
				CURRENT_PROJECT_VERSION = 1;
				DEVELOPMENT_TEAM = Z66Q4BXFN7;
				GENERATE_INFOPLIST_FILE = NO;
				INFOPLIST_FILE = RecipeJoeShareExtension/Info.plist;
				INFOPLIST_KEY_CFBundleDisplayName = RecipeJoe;
				INFOPLIST_KEY_NSHumanReadableCopyright = "";
				IPHONEOS_DEPLOYMENT_TARGET = 26.0;
				LD_RUNPATH_SEARCH_PATHS = (
					"$(inherited)",
					"@executable_path/Frameworks",
					"@executable_path/../../Frameworks",
				);
				MARKETING_VERSION = 1.0;
				PRODUCT_BUNDLE_IDENTIFIER = Oliver.RecipeJoe.ShareExtension;
				PRODUCT_NAME = "$(TARGET_NAME)";
				SKIP_INSTALL = YES;
				SWIFT_APPROACHABLE_CONCURRENCY = YES;
				SWIFT_DEFAULT_ACTOR_ISOLATION = MainActor;
				SWIFT_EMIT_LOC_STRINGS = YES;
				SWIFT_UPCOMING_FEATURE_MEMBER_IMPORT_VISIBILITY = YES;
				SWIFT_VERSION = 5.0;
				TARGETED_DEVICE_FAMILY = "1,2";
			};
			name = Debug;
		};
		3DSHARE0132EF9A1230043D501 /* Release */ = {
			isa = XCBuildConfiguration;
			buildSettings = {
				CODE_SIGN_ENTITLEMENTS = RecipeJoeShareExtension/RecipeJoeShareExtension.entitlements;
				CODE_SIGN_STYLE = Automatic;
				CURRENT_PROJECT_VERSION = 1;
				DEVELOPMENT_TEAM = Z66Q4BXFN7;
				GENERATE_INFOPLIST_FILE = NO;
				INFOPLIST_FILE = RecipeJoeShareExtension/Info.plist;
				INFOPLIST_KEY_CFBundleDisplayName = RecipeJoe;
				INFOPLIST_KEY_NSHumanReadableCopyright = "";
				IPHONEOS_DEPLOYMENT_TARGET = 26.0;
				LD_RUNPATH_SEARCH_PATHS = (
					"$(inherited)",
					"@executable_path/Frameworks",
					"@executable_path/../../Frameworks",
				);
				MARKETING_VERSION = 1.0;
				PRODUCT_BUNDLE_IDENTIFIER = Oliver.RecipeJoe.ShareExtension;
				PRODUCT_NAME = "$(TARGET_NAME)";
				SKIP_INSTALL = YES;
				SWIFT_APPROACHABLE_CONCURRENCY = YES;
				SWIFT_DEFAULT_ACTOR_ISOLATION = MainActor;
				SWIFT_EMIT_LOC_STRINGS = YES;
				SWIFT_UPCOMING_FEATURE_MEMBER_IMPORT_VISIBILITY = YES;
				SWIFT_VERSION = 5.0;
				TARGETED_DEVICE_FAMILY = "1,2";
			};
			name = Release;
		};
/* End XCBuildConfiguration section */

/* Begin XCConfigurationList section */
		3D195E5B2ED381B400EAC766 /* Build configuration list for PBXProject "RecipeJoe" */ = {
			isa = XCConfigurationList;
			buildConfigurations = (
				3D195E7F2ED381B500EAC766 /* Debug */,
				3D195E802ED381B500EAC766 /* Release */,
			);
			defaultConfigurationIsVisible = 0;
			defaultConfigurationName = Release;
		};
		3D195E812ED381B500EAC766 /* Build configuration list for PBXNativeTarget "RecipeJoe" */ = {
			isa = XCConfigurationList;
			buildConfigurations = (
				3D195E822ED381B500EAC766 /* Debug */,
				3D195E832ED381B500EAC766 /* Release */,
			);
			defaultConfigurationIsVisible = 0;
			defaultConfigurationName = Release;
		};
		3D195E842ED381B500EAC766 /* Build configuration list for PBXNativeTarget "RecipeJoeTests" */ = {
			isa = XCConfigurationList;
			buildConfigurations = (
				3D195E852ED381B500EAC766 /* Debug */,
				3D195E862ED381B500EAC766 /* Release */,
			);
			defaultConfigurationIsVisible = 0;
			defaultConfigurationName = Release;
		};
		3DSHARE0112EF9A1230043D501 /* Build configuration list for PBXNativeTarget "RecipeJoeShareExtension" */ = {
			isa = XCConfigurationList;
			buildConfigurations = (
				3DSHARE0122EF9A1230043D501 /* Debug */,
				3DSHARE0132EF9A1230043D501 /* Release */,
			);
			defaultConfigurationIsVisible = 0;
			defaultConfigurationName = Release;
		};
/* End XCConfigurationList section */

/* Begin XCRemoteSwiftPackageReference section */
		3DBFCB0A2EE31E620043D501 /* XCRemoteSwiftPackageReference "supabase-swift" */ = {
			isa = XCRemoteSwiftPackageReference;
			repositoryURL = "https://github.com/supabase/supabase-swift";
			requirement = {
				kind = upToNextMajorVersion;
				minimumVersion = 2.5.1;
			};
		};
		3DBFCF682EEC592F0043D501 /* XCRemoteSwiftPackageReference "Kingfisher" */ = {
			isa = XCRemoteSwiftPackageReference;
			repositoryURL = "https://github.com/onevcat/Kingfisher";
			requirement = {
				kind = upToNextMajorVersion;
				minimumVersion = 8.6.2;
			};
		};
/* End XCRemoteSwiftPackageReference section */

/* Begin XCSwiftPackageProductDependency section */
		3DBFCB0B2EE31E620043D501 /* Auth */ = {
			isa = XCSwiftPackageProductDependency;
			package = 3DBFCB0A2EE31E620043D501 /* XCRemoteSwiftPackageReference "supabase-swift" */;
			productName = Auth;
		};
		3DBFCB0D2EE31E620043D501 /* Functions */ = {
			isa = XCSwiftPackageProductDependency;
			package = 3DBFCB0A2EE31E620043D501 /* XCRemoteSwiftPackageReference "supabase-swift" */;
			productName = Functions;
		};
		3DBFCB0F2EE31E620043D501 /* PostgREST */ = {
			isa = XCSwiftPackageProductDependency;
			package = 3DBFCB0A2EE31E620043D501 /* XCRemoteSwiftPackageReference "supabase-swift" */;
			productName = PostgREST;
		};
		3DBFCB112EE31E620043D501 /* Realtime */ = {
			isa = XCSwiftPackageProductDependency;
			package = 3DBFCB0A2EE31E620043D501 /* XCRemoteSwiftPackageReference "supabase-swift" */;
			productName = Realtime;
		};
		3DBFCB132EE31E620043D501 /* Storage */ = {
			isa = XCSwiftPackageProductDependency;
			package = 3DBFCB0A2EE31E620043D501 /* XCRemoteSwiftPackageReference "supabase-swift" */;
			productName = Storage;
		};
		3DBFCB152EE322440043D501 /* Supabase */ = {
			isa = XCSwiftPackageProductDependency;
			package = 3DBFCB0A2EE31E620043D501 /* XCRemoteSwiftPackageReference "supabase-swift" */;
			productName = Supabase;
		};
		3DBFCF692EEC592F0043D501 /* Kingfisher */ = {
			isa = XCSwiftPackageProductDependency;
			package = 3DBFCF682EEC592F0043D501 /* XCRemoteSwiftPackageReference "Kingfisher" */;
			productName = Kingfisher;
		};
		3DSHARE0032EF9A1230043D501 /* Supabase */ = {
			isa = XCSwiftPackageProductDependency;
			package = 3DBFCB0A2EE31E620043D501 /* XCRemoteSwiftPackageReference "supabase-swift" */;
			productName = Supabase;
		};
/* End XCSwiftPackageProductDependency section */
	};
	rootObject = 3D195E582ED381B400EAC766 /* Project object */;
}
